// !$*UTF8*$!
{
	archiveVersion = 1;
	classes = {
	};
	objectVersion = 46;
	objects = {

/* Begin PBXBuildFile section */
		00E356F31AD99517003FC87E /* MagnetJourneyTests.m in Sources */ = {isa = PBXBuildFile; fileRef = 00E356F21AD99517003FC87E /* MagnetJourneyTests.m */; };
		13B07FBC1A68108700A75B9A /* AppDelegate.m in Sources */ = {isa = PBXBuildFile; fileRef = 13B07FB01A68108700A75B9A /* AppDelegate.m */; };
		13B07FBD1A68108700A75B9A /* LaunchScreen.xib in Resources */ = {isa = PBXBuildFile; fileRef = 13B07FB11A68108700A75B9A /* LaunchScreen.xib */; };
		13B07FBF1A68108700A75B9A /* Images.xcassets in Resources */ = {isa = PBXBuildFile; fileRef = 13B07FB51A68108700A75B9A /* Images.xcassets */; };
		13B07FC11A68108700A75B9A /* main.m in Sources */ = {isa = PBXBuildFile; fileRef = 13B07FB71A68108700A75B9A /* main.m */; };
		2BF989F931DF4EA3BF24104D /* libReactNativeHeading.a in Frameworks */ = {isa = PBXBuildFile; fileRef = 7FFD921D31A84B34AEA7385D /* libReactNativeHeading.a */; };
		38AE31607F7045CBAE669370 /* libz.tbd in Frameworks */ = {isa = PBXBuildFile; fileRef = D36B3AEA0CBC4561A297C347 /* libz.tbd */; };
		4171ADEE82944774BC4A228B /* FiraSans-Book.ttf in Resources */ = {isa = PBXBuildFile; fileRef = 200F0BC049A247F6A9FD9A5C /* FiraSans-Book.ttf */; };
		607DD96F3FEB4B86AC5BD465 /* FiraSans-LightItalic.ttf in Resources */ = {isa = PBXBuildFile; fileRef = BA448575D2574E7091F92885 /* FiraSans-LightItalic.ttf */; };
		7F558011D4C60F7A813814D3 /* libPods-MagnetJourneyTests.a in Frameworks */ = {isa = PBXBuildFile; fileRef = C09C03B39773328749B2D616 /* libPods-MagnetJourneyTests.a */; };
		8D9DF3951E2EF1B80064F323 /* MapKit.framework in Frameworks */ = {isa = PBXBuildFile; fileRef = 8D9DF3941E2EF1B80064F323 /* MapKit.framework */; };
		8D9DF3971E2EF1C20064F323 /* SystemConfiguration.framework in Frameworks */ = {isa = PBXBuildFile; fileRef = 8D9DF3961E2EF1C20064F323 /* SystemConfiguration.framework */; };
		8D9DF3991E2EF1CA0064F323 /* MobileCoreServices.framework in Frameworks */ = {isa = PBXBuildFile; fileRef = 8D9DF3981E2EF1CA0064F323 /* MobileCoreServices.framework */; };
		8D9DF39B1E2EF1D30064F323 /* AudioToolbox.framework in Frameworks */ = {isa = PBXBuildFile; fileRef = 8D9DF39A1E2EF1D30064F323 /* AudioToolbox.framework */; };
		8DA139B51E2EE8BE00E32D10 /* AIRGMSMarker.m in Sources */ = {isa = PBXBuildFile; fileRef = 8DA1396F1E2EE8BE00E32D10 /* AIRGMSMarker.m */; };
		8DA139B61E2EE8BE00E32D10 /* AIRGoogleMap.m in Sources */ = {isa = PBXBuildFile; fileRef = 8DA139711E2EE8BE00E32D10 /* AIRGoogleMap.m */; };
		8DA139B71E2EE8BE00E32D10 /* AIRGoogleMapCallout.m in Sources */ = {isa = PBXBuildFile; fileRef = 8DA139731E2EE8BE00E32D10 /* AIRGoogleMapCallout.m */; };
		8DA139B81E2EE8BE00E32D10 /* AIRGoogleMapCalloutManager.m in Sources */ = {isa = PBXBuildFile; fileRef = 8DA139751E2EE8BE00E32D10 /* AIRGoogleMapCalloutManager.m */; };
		8DA139B91E2EE8BE00E32D10 /* AIRGoogleMapCircle.m in Sources */ = {isa = PBXBuildFile; fileRef = 8DA139771E2EE8BE00E32D10 /* AIRGoogleMapCircle.m */; };
		8DA139BA1E2EE8BE00E32D10 /* AIRGoogleMapCircleManager.m in Sources */ = {isa = PBXBuildFile; fileRef = 8DA139791E2EE8BE00E32D10 /* AIRGoogleMapCircleManager.m */; };
		8DA139BB1E2EE8BE00E32D10 /* AIRGoogleMapManager.m in Sources */ = {isa = PBXBuildFile; fileRef = 8DA1397B1E2EE8BE00E32D10 /* AIRGoogleMapManager.m */; };
		8DA139BC1E2EE8BE00E32D10 /* AIRGoogleMapMarker.m in Sources */ = {isa = PBXBuildFile; fileRef = 8DA1397D1E2EE8BE00E32D10 /* AIRGoogleMapMarker.m */; };
		8DA139BD1E2EE8BE00E32D10 /* AIRGoogleMapMarkerManager.m in Sources */ = {isa = PBXBuildFile; fileRef = 8DA1397F1E2EE8BE00E32D10 /* AIRGoogleMapMarkerManager.m */; };
		8DA139BE1E2EE8BE00E32D10 /* AIRGoogleMapPolygon.m in Sources */ = {isa = PBXBuildFile; fileRef = 8DA139811E2EE8BE00E32D10 /* AIRGoogleMapPolygon.m */; };
		8DA139BF1E2EE8BE00E32D10 /* AIRGoogleMapPolygonManager.m in Sources */ = {isa = PBXBuildFile; fileRef = 8DA139831E2EE8BE00E32D10 /* AIRGoogleMapPolygonManager.m */; };
		8DA139C01E2EE8BE00E32D10 /* AIRGoogleMapPolyline.m in Sources */ = {isa = PBXBuildFile; fileRef = 8DA139851E2EE8BE00E32D10 /* AIRGoogleMapPolyline.m */; };
		8DA139C11E2EE8BE00E32D10 /* AIRGoogleMapPolylineManager.m in Sources */ = {isa = PBXBuildFile; fileRef = 8DA139871E2EE8BE00E32D10 /* AIRGoogleMapPolylineManager.m */; };
		8DA139C21E2EE8BE00E32D10 /* AIRGoogleMapUrlTile.m in Sources */ = {isa = PBXBuildFile; fileRef = 8DA139891E2EE8BE00E32D10 /* AIRGoogleMapUrlTile.m */; };
		8DA139C31E2EE8BE00E32D10 /* AIRGoogleMapURLTileManager.m in Sources */ = {isa = PBXBuildFile; fileRef = 8DA1398B1E2EE8BE00E32D10 /* AIRGoogleMapURLTileManager.m */; };
		8DA139C41E2EE8BE00E32D10 /* DummyView.m in Sources */ = {isa = PBXBuildFile; fileRef = 8DA1398D1E2EE8BE00E32D10 /* DummyView.m */; };
		8DA139C51E2EE8BE00E32D10 /* RCTConvert+GMSMapViewType.m in Sources */ = {isa = PBXBuildFile; fileRef = 8DA1398F1E2EE8BE00E32D10 /* RCTConvert+GMSMapViewType.m */; };
		8DA139C61E2EE8BE00E32D10 /* AIRMap.m in Sources */ = {isa = PBXBuildFile; fileRef = 8DA139921E2EE8BE00E32D10 /* AIRMap.m */; };
		8DA139C71E2EE8BE00E32D10 /* AIRMapCallout.m in Sources */ = {isa = PBXBuildFile; fileRef = 8DA139941E2EE8BE00E32D10 /* AIRMapCallout.m */; };
		8DA139C81E2EE8BE00E32D10 /* AIRMapCalloutManager.m in Sources */ = {isa = PBXBuildFile; fileRef = 8DA139961E2EE8BE00E32D10 /* AIRMapCalloutManager.m */; };
		8DA139C91E2EE8BE00E32D10 /* AIRMapCircle.m in Sources */ = {isa = PBXBuildFile; fileRef = 8DA139981E2EE8BE00E32D10 /* AIRMapCircle.m */; };
		8DA139CA1E2EE8BE00E32D10 /* AIRMapCircleManager.m in Sources */ = {isa = PBXBuildFile; fileRef = 8DA1399A1E2EE8BE00E32D10 /* AIRMapCircleManager.m */; };
		8DA139CB1E2EE8BE00E32D10 /* AIRMapCoordinate.m in Sources */ = {isa = PBXBuildFile; fileRef = 8DA1399C1E2EE8BE00E32D10 /* AIRMapCoordinate.m */; };
		8DA139CC1E2EE8BE00E32D10 /* AIRMapManager.m in Sources */ = {isa = PBXBuildFile; fileRef = 8DA1399E1E2EE8BE00E32D10 /* AIRMapManager.m */; };
		8DA139CD1E2EE8BE00E32D10 /* AIRMapMarker.m in Sources */ = {isa = PBXBuildFile; fileRef = 8DA139A01E2EE8BE00E32D10 /* AIRMapMarker.m */; };
		8DA139CE1E2EE8BE00E32D10 /* AIRMapMarkerManager.m in Sources */ = {isa = PBXBuildFile; fileRef = 8DA139A21E2EE8BE00E32D10 /* AIRMapMarkerManager.m */; };
		8DA139CF1E2EE8BE00E32D10 /* AIRMapPolygon.m in Sources */ = {isa = PBXBuildFile; fileRef = 8DA139A41E2EE8BE00E32D10 /* AIRMapPolygon.m */; };
		8DA139D01E2EE8BE00E32D10 /* AIRMapPolygonManager.m in Sources */ = {isa = PBXBuildFile; fileRef = 8DA139A61E2EE8BE00E32D10 /* AIRMapPolygonManager.m */; };
		8DA139D11E2EE8BE00E32D10 /* AIRMapPolyline.m in Sources */ = {isa = PBXBuildFile; fileRef = 8DA139A81E2EE8BE00E32D10 /* AIRMapPolyline.m */; };
		8DA139D21E2EE8BE00E32D10 /* AIRMapPolylineManager.m in Sources */ = {isa = PBXBuildFile; fileRef = 8DA139AA1E2EE8BE00E32D10 /* AIRMapPolylineManager.m */; };
		8DA139D31E2EE8BE00E32D10 /* AIRMapUrlTile.m in Sources */ = {isa = PBXBuildFile; fileRef = 8DA139AD1E2EE8BE00E32D10 /* AIRMapUrlTile.m */; };
		8DA139D41E2EE8BE00E32D10 /* AIRMapUrlTileManager.m in Sources */ = {isa = PBXBuildFile; fileRef = 8DA139AF1E2EE8BE00E32D10 /* AIRMapUrlTileManager.m */; };
		8DA139D51E2EE8BE00E32D10 /* SMCalloutView.m in Sources */ = {isa = PBXBuildFile; fileRef = 8DA139B21E2EE8BE00E32D10 /* SMCalloutView.m */; };
		8DA139D61E2EE8BE00E32D10 /* RCTConvert+MoreMapKit.m in Sources */ = {isa = PBXBuildFile; fileRef = 8DA139B41E2EE8BE00E32D10 /* RCTConvert+MoreMapKit.m */; };
		9366479775B644C0BF00F4CB /* libRNShare.a in Frameworks */ = {isa = PBXBuildFile; fileRef = E185FDC828D842B2B45D3BE8 /* libRNShare.a */; };
		C12094AB6AA24DEE88BAC523 /* libc++.tbd in Frameworks */ = {isa = PBXBuildFile; fileRef = A080AE6574364C2696EB6959 /* libc++.tbd */; };
		EA1EA222AB6E42A0ACF1114D /* libRealmReact.a in Frameworks */ = {isa = PBXBuildFile; fileRef = 05E4EECA02044D1D8044B61B /* libRealmReact.a */; };
		FF4D1F78779D414536A98557 /* libPods-MagnetJourney.a in Frameworks */ = {isa = PBXBuildFile; fileRef = 7FF8B88148DAFE3A57084BE2 /* libPods-MagnetJourney.a */; };
/* End PBXBuildFile section */

/* Begin PBXContainerItemProxy section */
		00E356F41AD99517003FC87E /* PBXContainerItemProxy */ = {
			isa = PBXContainerItemProxy;
			containerPortal = 83CBB9F71A601CBA00E9B192 /* Project object */;
			proxyType = 1;
			remoteGlobalIDString = 13B07F861A680F5B00A75B9A;
			remoteInfo = MagnetJourney;
		};
		551FB6931E37C5CA00775F93 /* PBXContainerItemProxy */ = {
			isa = PBXContainerItemProxy;
			containerPortal = BC9CD6964B32434F859E5209 /* RNShare.xcodeproj */;
			proxyType = 2;
			remoteGlobalIDString = 134814201AA4EA6300B7C361;
			remoteInfo = RNShare;
		};
		55283ED41E39018700A490A7 /* PBXContainerItemProxy */ = {
			isa = PBXContainerItemProxy;
			containerPortal = B9B1E499BC8242BA82EABB75 /* RealmReact.xcodeproj */;
			proxyType = 2;
			remoteGlobalIDString = F60690131CA2766F0003FB26;
			remoteInfo = RealmReact;
		};
		553AEBBB1E31F48A00C2AFC2 /* PBXContainerItemProxy */ = {
			isa = PBXContainerItemProxy;
			containerPortal = 08624E4D9E524F7D885A4EAE /* ReactNativeHeading.xcodeproj */;
			proxyType = 2;
			remoteGlobalIDString = 9D23B34F1C767B80008B4819;
			remoteInfo = ReactNativeHeading;
		};
/* End PBXContainerItemProxy section */

/* Begin PBXFileReference section */
		008F07F21AC5B25A0029DE68 /* main.jsbundle */ = {isa = PBXFileReference; fileEncoding = 4; lastKnownFileType = text; path = main.jsbundle; sourceTree = "<group>"; };
		00E356EE1AD99517003FC87E /* MagnetJourneyTests.xctest */ = {isa = PBXFileReference; explicitFileType = wrapper.cfbundle; includeInIndex = 0; path = MagnetJourneyTests.xctest; sourceTree = BUILT_PRODUCTS_DIR; };
		00E356F11AD99517003FC87E /* Info.plist */ = {isa = PBXFileReference; lastKnownFileType = text.plist.xml; path = Info.plist; sourceTree = "<group>"; };
		00E356F21AD99517003FC87E /* MagnetJourneyTests.m */ = {isa = PBXFileReference; lastKnownFileType = sourcecode.c.objc; path = MagnetJourneyTests.m; sourceTree = "<group>"; };
		02C9C5A5BDA0F4AF55883F59 /* Pods-MagnetJourney.debug.xcconfig */ = {isa = PBXFileReference; includeInIndex = 1; lastKnownFileType = text.xcconfig; name = "Pods-MagnetJourney.debug.xcconfig"; path = "Pods/Target Support Files/Pods-MagnetJourney/Pods-MagnetJourney.debug.xcconfig"; sourceTree = "<group>"; };
		05E4EECA02044D1D8044B61B /* libRealmReact.a */ = {isa = PBXFileReference; explicitFileType = undefined; fileEncoding = 9; includeInIndex = 0; lastKnownFileType = archive.ar; path = libRealmReact.a; sourceTree = "<group>"; };
		08624E4D9E524F7D885A4EAE /* ReactNativeHeading.xcodeproj */ = {isa = PBXFileReference; explicitFileType = undefined; fileEncoding = 9; includeInIndex = 0; lastKnownFileType = "wrapper.pb-project"; name = ReactNativeHeading.xcodeproj; path = "../node_modules/react-native-heading/ReactNativeHeading.xcodeproj"; sourceTree = "<group>"; };
		13B07F961A680F5B00A75B9A /* MagnetJourney.app */ = {isa = PBXFileReference; explicitFileType = wrapper.application; includeInIndex = 0; path = MagnetJourney.app; sourceTree = BUILT_PRODUCTS_DIR; };
		13B07FAF1A68108700A75B9A /* AppDelegate.h */ = {isa = PBXFileReference; fileEncoding = 4; lastKnownFileType = sourcecode.c.h; name = AppDelegate.h; path = MagnetJourney/AppDelegate.h; sourceTree = "<group>"; };
		13B07FB01A68108700A75B9A /* AppDelegate.m */ = {isa = PBXFileReference; fileEncoding = 4; lastKnownFileType = sourcecode.c.objc; name = AppDelegate.m; path = MagnetJourney/AppDelegate.m; sourceTree = "<group>"; };
		13B07FB21A68108700A75B9A /* Base */ = {isa = PBXFileReference; lastKnownFileType = file.xib; name = Base; path = Base.lproj/LaunchScreen.xib; sourceTree = "<group>"; };
		13B07FB51A68108700A75B9A /* Images.xcassets */ = {isa = PBXFileReference; lastKnownFileType = folder.assetcatalog; name = Images.xcassets; path = MagnetJourney/Images.xcassets; sourceTree = "<group>"; };
		13B07FB61A68108700A75B9A /* Info.plist */ = {isa = PBXFileReference; fileEncoding = 4; lastKnownFileType = text.plist.xml; name = Info.plist; path = MagnetJourney/Info.plist; sourceTree = "<group>"; };
		13B07FB71A68108700A75B9A /* main.m */ = {isa = PBXFileReference; fileEncoding = 4; lastKnownFileType = sourcecode.c.objc; name = main.m; path = MagnetJourney/main.m; sourceTree = "<group>"; };
		200F0BC049A247F6A9FD9A5C /* FiraSans-Book.ttf */ = {isa = PBXFileReference; explicitFileType = undefined; fileEncoding = 9; includeInIndex = 0; lastKnownFileType = unknown; name = "FiraSans-Book.ttf"; path = "../js/fonts/FiraSans-Book.ttf"; sourceTree = "<group>"; };
		314F1A56902FAACF1656397C /* Pods-MagnetJourney.release.xcconfig */ = {isa = PBXFileReference; includeInIndex = 1; lastKnownFileType = text.xcconfig; name = "Pods-MagnetJourney.release.xcconfig"; path = "Pods/Target Support Files/Pods-MagnetJourney/Pods-MagnetJourney.release.xcconfig"; sourceTree = "<group>"; };
		557F12C41E39063400AF9A82 /* libRealmJS.a */ = {isa = PBXFileReference; lastKnownFileType = archive.ar; name = libRealmJS.a; path = "../../../../../Library/Developer/Xcode/DerivedData/MagnetJourney-elqkvsmmtefodvadepfieldqllyd/Build/Products/Debug-iphoneos/libRealmJS.a"; sourceTree = "<group>"; };
		73B2FAA79832672659A874E4 /* Pods-MagnetJourneyTests.release.xcconfig */ = {isa = PBXFileReference; includeInIndex = 1; lastKnownFileType = text.xcconfig; name = "Pods-MagnetJourneyTests.release.xcconfig"; path = "Pods/Target Support Files/Pods-MagnetJourneyTests/Pods-MagnetJourneyTests.release.xcconfig"; sourceTree = "<group>"; };
		7865610A5D44127C15ED68BB /* Pods-MagnetJourneyTests.debug.xcconfig */ = {isa = PBXFileReference; includeInIndex = 1; lastKnownFileType = text.xcconfig; name = "Pods-MagnetJourneyTests.debug.xcconfig"; path = "Pods/Target Support Files/Pods-MagnetJourneyTests/Pods-MagnetJourneyTests.debug.xcconfig"; sourceTree = "<group>"; };
		7FF8B88148DAFE3A57084BE2 /* libPods-MagnetJourney.a */ = {isa = PBXFileReference; explicitFileType = archive.ar; includeInIndex = 0; path = "libPods-MagnetJourney.a"; sourceTree = BUILT_PRODUCTS_DIR; };
		7FFD921D31A84B34AEA7385D /* libReactNativeHeading.a */ = {isa = PBXFileReference; explicitFileType = undefined; fileEncoding = 9; includeInIndex = 0; lastKnownFileType = archive.ar; path = libReactNativeHeading.a; sourceTree = "<group>"; };
		8D9DF3941E2EF1B80064F323 /* MapKit.framework */ = {isa = PBXFileReference; lastKnownFileType = wrapper.framework; name = MapKit.framework; path = System/Library/Frameworks/MapKit.framework; sourceTree = SDKROOT; };
		8D9DF3961E2EF1C20064F323 /* SystemConfiguration.framework */ = {isa = PBXFileReference; lastKnownFileType = wrapper.framework; name = SystemConfiguration.framework; path = System/Library/Frameworks/SystemConfiguration.framework; sourceTree = SDKROOT; };
		8D9DF3981E2EF1CA0064F323 /* MobileCoreServices.framework */ = {isa = PBXFileReference; lastKnownFileType = wrapper.framework; name = MobileCoreServices.framework; path = System/Library/Frameworks/MobileCoreServices.framework; sourceTree = SDKROOT; };
		8D9DF39A1E2EF1D30064F323 /* AudioToolbox.framework */ = {isa = PBXFileReference; lastKnownFileType = wrapper.framework; name = AudioToolbox.framework; path = System/Library/Frameworks/AudioToolbox.framework; sourceTree = SDKROOT; };
		8DA1396E1E2EE8BE00E32D10 /* AIRGMSMarker.h */ = {isa = PBXFileReference; fileEncoding = 4; lastKnownFileType = sourcecode.c.h; path = AIRGMSMarker.h; sourceTree = "<group>"; };
		8DA1396F1E2EE8BE00E32D10 /* AIRGMSMarker.m */ = {isa = PBXFileReference; fileEncoding = 4; lastKnownFileType = sourcecode.c.objc; path = AIRGMSMarker.m; sourceTree = "<group>"; };
		8DA139701E2EE8BE00E32D10 /* AIRGoogleMap.h */ = {isa = PBXFileReference; fileEncoding = 4; lastKnownFileType = sourcecode.c.h; path = AIRGoogleMap.h; sourceTree = "<group>"; };
		8DA139711E2EE8BE00E32D10 /* AIRGoogleMap.m */ = {isa = PBXFileReference; fileEncoding = 4; lastKnownFileType = sourcecode.c.objc; path = AIRGoogleMap.m; sourceTree = "<group>"; };
		8DA139721E2EE8BE00E32D10 /* AIRGoogleMapCallout.h */ = {isa = PBXFileReference; fileEncoding = 4; lastKnownFileType = sourcecode.c.h; path = AIRGoogleMapCallout.h; sourceTree = "<group>"; };
		8DA139731E2EE8BE00E32D10 /* AIRGoogleMapCallout.m */ = {isa = PBXFileReference; fileEncoding = 4; lastKnownFileType = sourcecode.c.objc; path = AIRGoogleMapCallout.m; sourceTree = "<group>"; };
		8DA139741E2EE8BE00E32D10 /* AIRGoogleMapCalloutManager.h */ = {isa = PBXFileReference; fileEncoding = 4; lastKnownFileType = sourcecode.c.h; path = AIRGoogleMapCalloutManager.h; sourceTree = "<group>"; };
		8DA139751E2EE8BE00E32D10 /* AIRGoogleMapCalloutManager.m */ = {isa = PBXFileReference; fileEncoding = 4; lastKnownFileType = sourcecode.c.objc; path = AIRGoogleMapCalloutManager.m; sourceTree = "<group>"; };
		8DA139761E2EE8BE00E32D10 /* AIRGoogleMapCircle.h */ = {isa = PBXFileReference; fileEncoding = 4; lastKnownFileType = sourcecode.c.h; path = AIRGoogleMapCircle.h; sourceTree = "<group>"; };
		8DA139771E2EE8BE00E32D10 /* AIRGoogleMapCircle.m */ = {isa = PBXFileReference; fileEncoding = 4; lastKnownFileType = sourcecode.c.objc; path = AIRGoogleMapCircle.m; sourceTree = "<group>"; };
		8DA139781E2EE8BE00E32D10 /* AIRGoogleMapCircleManager.h */ = {isa = PBXFileReference; fileEncoding = 4; lastKnownFileType = sourcecode.c.h; path = AIRGoogleMapCircleManager.h; sourceTree = "<group>"; };
		8DA139791E2EE8BE00E32D10 /* AIRGoogleMapCircleManager.m */ = {isa = PBXFileReference; fileEncoding = 4; lastKnownFileType = sourcecode.c.objc; path = AIRGoogleMapCircleManager.m; sourceTree = "<group>"; };
		8DA1397A1E2EE8BE00E32D10 /* AIRGoogleMapManager.h */ = {isa = PBXFileReference; fileEncoding = 4; lastKnownFileType = sourcecode.c.h; path = AIRGoogleMapManager.h; sourceTree = "<group>"; };
		8DA1397B1E2EE8BE00E32D10 /* AIRGoogleMapManager.m */ = {isa = PBXFileReference; fileEncoding = 4; lastKnownFileType = sourcecode.c.objc; path = AIRGoogleMapManager.m; sourceTree = "<group>"; };
		8DA1397C1E2EE8BE00E32D10 /* AIRGoogleMapMarker.h */ = {isa = PBXFileReference; fileEncoding = 4; lastKnownFileType = sourcecode.c.h; path = AIRGoogleMapMarker.h; sourceTree = "<group>"; };
		8DA1397D1E2EE8BE00E32D10 /* AIRGoogleMapMarker.m */ = {isa = PBXFileReference; fileEncoding = 4; lastKnownFileType = sourcecode.c.objc; path = AIRGoogleMapMarker.m; sourceTree = "<group>"; };
		8DA1397E1E2EE8BE00E32D10 /* AIRGoogleMapMarkerManager.h */ = {isa = PBXFileReference; fileEncoding = 4; lastKnownFileType = sourcecode.c.h; path = AIRGoogleMapMarkerManager.h; sourceTree = "<group>"; };
		8DA1397F1E2EE8BE00E32D10 /* AIRGoogleMapMarkerManager.m */ = {isa = PBXFileReference; fileEncoding = 4; lastKnownFileType = sourcecode.c.objc; path = AIRGoogleMapMarkerManager.m; sourceTree = "<group>"; };
		8DA139801E2EE8BE00E32D10 /* AIRGoogleMapPolygon.h */ = {isa = PBXFileReference; fileEncoding = 4; lastKnownFileType = sourcecode.c.h; path = AIRGoogleMapPolygon.h; sourceTree = "<group>"; };
		8DA139811E2EE8BE00E32D10 /* AIRGoogleMapPolygon.m */ = {isa = PBXFileReference; fileEncoding = 4; lastKnownFileType = sourcecode.c.objc; path = AIRGoogleMapPolygon.m; sourceTree = "<group>"; };
		8DA139821E2EE8BE00E32D10 /* AIRGoogleMapPolygonManager.h */ = {isa = PBXFileReference; fileEncoding = 4; lastKnownFileType = sourcecode.c.h; path = AIRGoogleMapPolygonManager.h; sourceTree = "<group>"; };
		8DA139831E2EE8BE00E32D10 /* AIRGoogleMapPolygonManager.m */ = {isa = PBXFileReference; fileEncoding = 4; lastKnownFileType = sourcecode.c.objc; path = AIRGoogleMapPolygonManager.m; sourceTree = "<group>"; };
		8DA139841E2EE8BE00E32D10 /* AIRGoogleMapPolyline.h */ = {isa = PBXFileReference; fileEncoding = 4; lastKnownFileType = sourcecode.c.h; path = AIRGoogleMapPolyline.h; sourceTree = "<group>"; };
		8DA139851E2EE8BE00E32D10 /* AIRGoogleMapPolyline.m */ = {isa = PBXFileReference; fileEncoding = 4; lastKnownFileType = sourcecode.c.objc; path = AIRGoogleMapPolyline.m; sourceTree = "<group>"; };
		8DA139861E2EE8BE00E32D10 /* AIRGoogleMapPolylineManager.h */ = {isa = PBXFileReference; fileEncoding = 4; lastKnownFileType = sourcecode.c.h; path = AIRGoogleMapPolylineManager.h; sourceTree = "<group>"; };
		8DA139871E2EE8BE00E32D10 /* AIRGoogleMapPolylineManager.m */ = {isa = PBXFileReference; fileEncoding = 4; lastKnownFileType = sourcecode.c.objc; path = AIRGoogleMapPolylineManager.m; sourceTree = "<group>"; };
		8DA139881E2EE8BE00E32D10 /* AIRGoogleMapUrlTile.h */ = {isa = PBXFileReference; fileEncoding = 4; lastKnownFileType = sourcecode.c.h; path = AIRGoogleMapUrlTile.h; sourceTree = "<group>"; };
		8DA139891E2EE8BE00E32D10 /* AIRGoogleMapUrlTile.m */ = {isa = PBXFileReference; fileEncoding = 4; lastKnownFileType = sourcecode.c.objc; path = AIRGoogleMapUrlTile.m; sourceTree = "<group>"; };
		8DA1398A1E2EE8BE00E32D10 /* AIRGoogleMapUrlTileManager.h */ = {isa = PBXFileReference; fileEncoding = 4; lastKnownFileType = sourcecode.c.h; path = AIRGoogleMapUrlTileManager.h; sourceTree = "<group>"; };
		8DA1398B1E2EE8BE00E32D10 /* AIRGoogleMapURLTileManager.m */ = {isa = PBXFileReference; fileEncoding = 4; lastKnownFileType = sourcecode.c.objc; path = AIRGoogleMapURLTileManager.m; sourceTree = "<group>"; };
		8DA1398C1E2EE8BE00E32D10 /* DummyView.h */ = {isa = PBXFileReference; fileEncoding = 4; lastKnownFileType = sourcecode.c.h; path = DummyView.h; sourceTree = "<group>"; };
		8DA1398D1E2EE8BE00E32D10 /* DummyView.m */ = {isa = PBXFileReference; fileEncoding = 4; lastKnownFileType = sourcecode.c.objc; path = DummyView.m; sourceTree = "<group>"; };
		8DA1398E1E2EE8BE00E32D10 /* RCTConvert+GMSMapViewType.h */ = {isa = PBXFileReference; fileEncoding = 4; lastKnownFileType = sourcecode.c.h; path = "RCTConvert+GMSMapViewType.h"; sourceTree = "<group>"; };
		8DA1398F1E2EE8BE00E32D10 /* RCTConvert+GMSMapViewType.m */ = {isa = PBXFileReference; fileEncoding = 4; lastKnownFileType = sourcecode.c.objc; path = "RCTConvert+GMSMapViewType.m"; sourceTree = "<group>"; };
		8DA139911E2EE8BE00E32D10 /* AIRMap.h */ = {isa = PBXFileReference; fileEncoding = 4; lastKnownFileType = sourcecode.c.h; path = AIRMap.h; sourceTree = "<group>"; };
		8DA139921E2EE8BE00E32D10 /* AIRMap.m */ = {isa = PBXFileReference; fileEncoding = 4; lastKnownFileType = sourcecode.c.objc; path = AIRMap.m; sourceTree = "<group>"; };
		8DA139931E2EE8BE00E32D10 /* AIRMapCallout.h */ = {isa = PBXFileReference; fileEncoding = 4; lastKnownFileType = sourcecode.c.h; path = AIRMapCallout.h; sourceTree = "<group>"; };
		8DA139941E2EE8BE00E32D10 /* AIRMapCallout.m */ = {isa = PBXFileReference; fileEncoding = 4; lastKnownFileType = sourcecode.c.objc; path = AIRMapCallout.m; sourceTree = "<group>"; };
		8DA139951E2EE8BE00E32D10 /* AIRMapCalloutManager.h */ = {isa = PBXFileReference; fileEncoding = 4; lastKnownFileType = sourcecode.c.h; path = AIRMapCalloutManager.h; sourceTree = "<group>"; };
		8DA139961E2EE8BE00E32D10 /* AIRMapCalloutManager.m */ = {isa = PBXFileReference; fileEncoding = 4; lastKnownFileType = sourcecode.c.objc; path = AIRMapCalloutManager.m; sourceTree = "<group>"; };
		8DA139971E2EE8BE00E32D10 /* AIRMapCircle.h */ = {isa = PBXFileReference; fileEncoding = 4; lastKnownFileType = sourcecode.c.h; path = AIRMapCircle.h; sourceTree = "<group>"; };
		8DA139981E2EE8BE00E32D10 /* AIRMapCircle.m */ = {isa = PBXFileReference; fileEncoding = 4; lastKnownFileType = sourcecode.c.objc; path = AIRMapCircle.m; sourceTree = "<group>"; };
		8DA139991E2EE8BE00E32D10 /* AIRMapCircleManager.h */ = {isa = PBXFileReference; fileEncoding = 4; lastKnownFileType = sourcecode.c.h; path = AIRMapCircleManager.h; sourceTree = "<group>"; };
		8DA1399A1E2EE8BE00E32D10 /* AIRMapCircleManager.m */ = {isa = PBXFileReference; fileEncoding = 4; lastKnownFileType = sourcecode.c.objc; path = AIRMapCircleManager.m; sourceTree = "<group>"; };
		8DA1399B1E2EE8BE00E32D10 /* AIRMapCoordinate.h */ = {isa = PBXFileReference; fileEncoding = 4; lastKnownFileType = sourcecode.c.h; path = AIRMapCoordinate.h; sourceTree = "<group>"; };
		8DA1399C1E2EE8BE00E32D10 /* AIRMapCoordinate.m */ = {isa = PBXFileReference; fileEncoding = 4; lastKnownFileType = sourcecode.c.objc; path = AIRMapCoordinate.m; sourceTree = "<group>"; };
		8DA1399D1E2EE8BE00E32D10 /* AIRMapManager.h */ = {isa = PBXFileReference; fileEncoding = 4; lastKnownFileType = sourcecode.c.h; path = AIRMapManager.h; sourceTree = "<group>"; };
		8DA1399E1E2EE8BE00E32D10 /* AIRMapManager.m */ = {isa = PBXFileReference; fileEncoding = 4; lastKnownFileType = sourcecode.c.objc; path = AIRMapManager.m; sourceTree = "<group>"; };
		8DA1399F1E2EE8BE00E32D10 /* AIRMapMarker.h */ = {isa = PBXFileReference; fileEncoding = 4; lastKnownFileType = sourcecode.c.h; path = AIRMapMarker.h; sourceTree = "<group>"; };
		8DA139A01E2EE8BE00E32D10 /* AIRMapMarker.m */ = {isa = PBXFileReference; fileEncoding = 4; lastKnownFileType = sourcecode.c.objc; path = AIRMapMarker.m; sourceTree = "<group>"; };
		8DA139A11E2EE8BE00E32D10 /* AIRMapMarkerManager.h */ = {isa = PBXFileReference; fileEncoding = 4; lastKnownFileType = sourcecode.c.h; path = AIRMapMarkerManager.h; sourceTree = "<group>"; };
		8DA139A21E2EE8BE00E32D10 /* AIRMapMarkerManager.m */ = {isa = PBXFileReference; fileEncoding = 4; lastKnownFileType = sourcecode.c.objc; path = AIRMapMarkerManager.m; sourceTree = "<group>"; };
		8DA139A31E2EE8BE00E32D10 /* AIRMapPolygon.h */ = {isa = PBXFileReference; fileEncoding = 4; lastKnownFileType = sourcecode.c.h; path = AIRMapPolygon.h; sourceTree = "<group>"; };
		8DA139A41E2EE8BE00E32D10 /* AIRMapPolygon.m */ = {isa = PBXFileReference; fileEncoding = 4; lastKnownFileType = sourcecode.c.objc; path = AIRMapPolygon.m; sourceTree = "<group>"; };
		8DA139A51E2EE8BE00E32D10 /* AIRMapPolygonManager.h */ = {isa = PBXFileReference; fileEncoding = 4; lastKnownFileType = sourcecode.c.h; path = AIRMapPolygonManager.h; sourceTree = "<group>"; };
		8DA139A61E2EE8BE00E32D10 /* AIRMapPolygonManager.m */ = {isa = PBXFileReference; fileEncoding = 4; lastKnownFileType = sourcecode.c.objc; path = AIRMapPolygonManager.m; sourceTree = "<group>"; };
		8DA139A71E2EE8BE00E32D10 /* AIRMapPolyline.h */ = {isa = PBXFileReference; fileEncoding = 4; lastKnownFileType = sourcecode.c.h; path = AIRMapPolyline.h; sourceTree = "<group>"; };
		8DA139A81E2EE8BE00E32D10 /* AIRMapPolyline.m */ = {isa = PBXFileReference; fileEncoding = 4; lastKnownFileType = sourcecode.c.objc; path = AIRMapPolyline.m; sourceTree = "<group>"; };
		8DA139A91E2EE8BE00E32D10 /* AIRMapPolylineManager.h */ = {isa = PBXFileReference; fileEncoding = 4; lastKnownFileType = sourcecode.c.h; path = AIRMapPolylineManager.h; sourceTree = "<group>"; };
		8DA139AA1E2EE8BE00E32D10 /* AIRMapPolylineManager.m */ = {isa = PBXFileReference; fileEncoding = 4; lastKnownFileType = sourcecode.c.objc; path = AIRMapPolylineManager.m; sourceTree = "<group>"; };
		8DA139AB1E2EE8BE00E32D10 /* AIRMapSnapshot.h */ = {isa = PBXFileReference; fileEncoding = 4; lastKnownFileType = sourcecode.c.h; path = AIRMapSnapshot.h; sourceTree = "<group>"; };
		8DA139AC1E2EE8BE00E32D10 /* AIRMapUrlTile.h */ = {isa = PBXFileReference; fileEncoding = 4; lastKnownFileType = sourcecode.c.h; path = AIRMapUrlTile.h; sourceTree = "<group>"; };
		8DA139AD1E2EE8BE00E32D10 /* AIRMapUrlTile.m */ = {isa = PBXFileReference; fileEncoding = 4; lastKnownFileType = sourcecode.c.objc; path = AIRMapUrlTile.m; sourceTree = "<group>"; };
		8DA139AE1E2EE8BE00E32D10 /* AIRMapUrlTileManager.h */ = {isa = PBXFileReference; fileEncoding = 4; lastKnownFileType = sourcecode.c.h; path = AIRMapUrlTileManager.h; sourceTree = "<group>"; };
		8DA139AF1E2EE8BE00E32D10 /* AIRMapUrlTileManager.m */ = {isa = PBXFileReference; fileEncoding = 4; lastKnownFileType = sourcecode.c.objc; path = AIRMapUrlTileManager.m; sourceTree = "<group>"; };
		8DA139B11E2EE8BE00E32D10 /* SMCalloutView.h */ = {isa = PBXFileReference; fileEncoding = 4; lastKnownFileType = sourcecode.c.h; path = SMCalloutView.h; sourceTree = "<group>"; };
		8DA139B21E2EE8BE00E32D10 /* SMCalloutView.m */ = {isa = PBXFileReference; fileEncoding = 4; lastKnownFileType = sourcecode.c.objc; path = SMCalloutView.m; sourceTree = "<group>"; };
		8DA139B31E2EE8BE00E32D10 /* RCTConvert+MoreMapKit.h */ = {isa = PBXFileReference; fileEncoding = 4; lastKnownFileType = sourcecode.c.h; path = "RCTConvert+MoreMapKit.h"; sourceTree = "<group>"; };
		8DA139B41E2EE8BE00E32D10 /* RCTConvert+MoreMapKit.m */ = {isa = PBXFileReference; fileEncoding = 4; lastKnownFileType = sourcecode.c.objc; path = "RCTConvert+MoreMapKit.m"; sourceTree = "<group>"; };
		A080AE6574364C2696EB6959 /* libc++.tbd */ = {isa = PBXFileReference; explicitFileType = undefined; fileEncoding = 9; includeInIndex = 0; lastKnownFileType = "sourcecode.text-based-dylib-definition"; name = "libc++.tbd"; path = "usr/lib/libc++.tbd"; sourceTree = SDKROOT; };
		B9B1E499BC8242BA82EABB75 /* RealmReact.xcodeproj */ = {isa = PBXFileReference; explicitFileType = undefined; fileEncoding = 9; includeInIndex = 0; lastKnownFileType = "wrapper.pb-project"; name = RealmReact.xcodeproj; path = "../node_modules/realm/react-native/ios/RealmReact.xcodeproj"; sourceTree = "<group>"; };
		BA448575D2574E7091F92885 /* FiraSans-LightItalic.ttf */ = {isa = PBXFileReference; explicitFileType = undefined; fileEncoding = 9; includeInIndex = 0; lastKnownFileType = unknown; name = "FiraSans-LightItalic.ttf"; path = "../js/fonts/FiraSans-LightItalic.ttf"; sourceTree = "<group>"; };
		BC9CD6964B32434F859E5209 /* RNShare.xcodeproj */ = {isa = PBXFileReference; explicitFileType = undefined; fileEncoding = 9; includeInIndex = 0; lastKnownFileType = "wrapper.pb-project"; name = RNShare.xcodeproj; path = "../node_modules/react-native-share/ios/RNShare.xcodeproj"; sourceTree = "<group>"; };
		C09C03B39773328749B2D616 /* libPods-MagnetJourneyTests.a */ = {isa = PBXFileReference; explicitFileType = archive.ar; includeInIndex = 0; path = "libPods-MagnetJourneyTests.a"; sourceTree = BUILT_PRODUCTS_DIR; };
		D36B3AEA0CBC4561A297C347 /* libz.tbd */ = {isa = PBXFileReference; explicitFileType = undefined; fileEncoding = 9; includeInIndex = 0; lastKnownFileType = "sourcecode.text-based-dylib-definition"; name = libz.tbd; path = usr/lib/libz.tbd; sourceTree = SDKROOT; };
		E185FDC828D842B2B45D3BE8 /* libRNShare.a */ = {isa = PBXFileReference; explicitFileType = undefined; fileEncoding = 9; includeInIndex = 0; lastKnownFileType = archive.ar; path = libRNShare.a; sourceTree = "<group>"; };
/* End PBXFileReference section */

/* Begin PBXFrameworksBuildPhase section */
		00E356EB1AD99517003FC87E /* Frameworks */ = {
			isa = PBXFrameworksBuildPhase;
			buildActionMask = 2147483647;
			files = (
				7F558011D4C60F7A813814D3 /* libPods-MagnetJourneyTests.a in Frameworks */,
			);
			runOnlyForDeploymentPostprocessing = 0;
		};
		13B07F8C1A680F5B00A75B9A /* Frameworks */ = {
			isa = PBXFrameworksBuildPhase;
			buildActionMask = 2147483647;
			files = (
				8D9DF39B1E2EF1D30064F323 /* AudioToolbox.framework in Frameworks */,
				8D9DF3991E2EF1CA0064F323 /* MobileCoreServices.framework in Frameworks */,
				8D9DF3971E2EF1C20064F323 /* SystemConfiguration.framework in Frameworks */,
				8D9DF3951E2EF1B80064F323 /* MapKit.framework in Frameworks */,
				FF4D1F78779D414536A98557 /* libPods-MagnetJourney.a in Frameworks */,
				2BF989F931DF4EA3BF24104D /* libReactNativeHeading.a in Frameworks */,
				9366479775B644C0BF00F4CB /* libRNShare.a in Frameworks */,
				EA1EA222AB6E42A0ACF1114D /* libRealmReact.a in Frameworks */,
				C12094AB6AA24DEE88BAC523 /* libc++.tbd in Frameworks */,
				38AE31607F7045CBAE669370 /* libz.tbd in Frameworks */,
			);
			runOnlyForDeploymentPostprocessing = 0;
		};
/* End PBXFrameworksBuildPhase section */

/* Begin PBXGroup section */
		00E356EF1AD99517003FC87E /* MagnetJourneyTests */ = {
			isa = PBXGroup;
			children = (
				00E356F21AD99517003FC87E /* MagnetJourneyTests.m */,
				00E356F01AD99517003FC87E /* Supporting Files */,
			);
			path = MagnetJourneyTests;
			sourceTree = "<group>";
		};
		00E356F01AD99517003FC87E /* Supporting Files */ = {
			isa = PBXGroup;
			children = (
				00E356F11AD99517003FC87E /* Info.plist */,
			);
			name = "Supporting Files";
			sourceTree = "<group>";
		};
		13B07FAE1A68108700A75B9A /* MagnetJourney */ = {
			isa = PBXGroup;
			children = (
				008F07F21AC5B25A0029DE68 /* main.jsbundle */,
				13B07FAF1A68108700A75B9A /* AppDelegate.h */,
				13B07FB01A68108700A75B9A /* AppDelegate.m */,
				13B07FB51A68108700A75B9A /* Images.xcassets */,
				13B07FB61A68108700A75B9A /* Info.plist */,
				13B07FB11A68108700A75B9A /* LaunchScreen.xib */,
				13B07FB71A68108700A75B9A /* main.m */,
			);
			name = MagnetJourney;
			sourceTree = "<group>";
		};
		2AA980885F18DF7FD21C564F /* Frameworks */ = {
			isa = PBXGroup;
			children = (
				557F12C41E39063400AF9A82 /* libRealmJS.a */,
				8D9DF39A1E2EF1D30064F323 /* AudioToolbox.framework */,
				8D9DF3981E2EF1CA0064F323 /* MobileCoreServices.framework */,
				8D9DF3961E2EF1C20064F323 /* SystemConfiguration.framework */,
				8D9DF3941E2EF1B80064F323 /* MapKit.framework */,
				7FF8B88148DAFE3A57084BE2 /* libPods-MagnetJourney.a */,
				C09C03B39773328749B2D616 /* libPods-MagnetJourneyTests.a */,
				A080AE6574364C2696EB6959 /* libc++.tbd */,
				D36B3AEA0CBC4561A297C347 /* libz.tbd */,
			);
			name = Frameworks;
			sourceTree = "<group>";
		};
		2F0A17BC77814540B01C778F /* Resources */ = {
			isa = PBXGroup;
			children = (
				200F0BC049A247F6A9FD9A5C /* FiraSans-Book.ttf */,
				BA448575D2574E7091F92885 /* FiraSans-LightItalic.ttf */,
			);
			name = Resources;
			sourceTree = "<group>";
		};
		41CE2C8FA9674CE696178BFF /* Libraries */ = {
			isa = PBXGroup;
			children = (
				08624E4D9E524F7D885A4EAE /* ReactNativeHeading.xcodeproj */,
				BC9CD6964B32434F859E5209 /* RNShare.xcodeproj */,
				B9B1E499BC8242BA82EABB75 /* RealmReact.xcodeproj */,
			);
			name = Libraries;
			sourceTree = "<group>";
		};
		551FB68F1E37C5C900775F93 /* Products */ = {
			isa = PBXGroup;
			children = (
				551FB6941E37C5CA00775F93 /* libRNShare.a */,
			);
			name = Products;
			sourceTree = "<group>";
		};
		55283ED01E39018700A490A7 /* Products */ = {
			isa = PBXGroup;
			children = (
				55283ED51E39018700A490A7 /* libRealmReact.a */,
			);
			name = Products;
			sourceTree = "<group>";
		};
		553AEBB81E31F48A00C2AFC2 /* Products */ = {
			isa = PBXGroup;
			children = (
				553AEBBC1E31F48A00C2AFC2 /* libReactNativeHeading.a */,
			);
			name = Products;
			sourceTree = "<group>";
		};
		83CBB9F61A601CBA00E9B192 = {
			isa = PBXGroup;
			children = (
				8DA1396D1E2EE8BE00E32D10 /* AirGoogleMaps */,
				8DA139901E2EE8BE00E32D10 /* AirMaps */,
				13B07FAE1A68108700A75B9A /* MagnetJourney */,
				00E356EF1AD99517003FC87E /* MagnetJourneyTests */,
				83CBBA001A601CBA00E9B192 /* Products */,
				2F0A17BC77814540B01C778F /* Resources */,
				8976AB27DE9E58310CE22453 /* Pods */,
				2AA980885F18DF7FD21C564F /* Frameworks */,
				41CE2C8FA9674CE696178BFF /* Libraries */,
			);
			indentWidth = 2;
			sourceTree = "<group>";
			tabWidth = 2;
		};
		83CBBA001A601CBA00E9B192 /* Products */ = {
			isa = PBXGroup;
			children = (
				13B07F961A680F5B00A75B9A /* MagnetJourney.app */,
				00E356EE1AD99517003FC87E /* MagnetJourneyTests.xctest */,
			);
			name = Products;
			sourceTree = "<group>";
		};
		8976AB27DE9E58310CE22453 /* Pods */ = {
			isa = PBXGroup;
			children = (
				02C9C5A5BDA0F4AF55883F59 /* Pods-MagnetJourney.debug.xcconfig */,
				314F1A56902FAACF1656397C /* Pods-MagnetJourney.release.xcconfig */,
				7865610A5D44127C15ED68BB /* Pods-MagnetJourneyTests.debug.xcconfig */,
				73B2FAA79832672659A874E4 /* Pods-MagnetJourneyTests.release.xcconfig */,
			);
			name = Pods;
			sourceTree = "<group>";
		};
		8DA1396D1E2EE8BE00E32D10 /* AirGoogleMaps */ = {
			isa = PBXGroup;
			children = (
				8DA1396E1E2EE8BE00E32D10 /* AIRGMSMarker.h */,
				8DA1396F1E2EE8BE00E32D10 /* AIRGMSMarker.m */,
				8DA139701E2EE8BE00E32D10 /* AIRGoogleMap.h */,
				8DA139711E2EE8BE00E32D10 /* AIRGoogleMap.m */,
				8DA139721E2EE8BE00E32D10 /* AIRGoogleMapCallout.h */,
				8DA139731E2EE8BE00E32D10 /* AIRGoogleMapCallout.m */,
				8DA139741E2EE8BE00E32D10 /* AIRGoogleMapCalloutManager.h */,
				8DA139751E2EE8BE00E32D10 /* AIRGoogleMapCalloutManager.m */,
				8DA139761E2EE8BE00E32D10 /* AIRGoogleMapCircle.h */,
				8DA139771E2EE8BE00E32D10 /* AIRGoogleMapCircle.m */,
				8DA139781E2EE8BE00E32D10 /* AIRGoogleMapCircleManager.h */,
				8DA139791E2EE8BE00E32D10 /* AIRGoogleMapCircleManager.m */,
				8DA1397A1E2EE8BE00E32D10 /* AIRGoogleMapManager.h */,
				8DA1397B1E2EE8BE00E32D10 /* AIRGoogleMapManager.m */,
				8DA1397C1E2EE8BE00E32D10 /* AIRGoogleMapMarker.h */,
				8DA1397D1E2EE8BE00E32D10 /* AIRGoogleMapMarker.m */,
				8DA1397E1E2EE8BE00E32D10 /* AIRGoogleMapMarkerManager.h */,
				8DA1397F1E2EE8BE00E32D10 /* AIRGoogleMapMarkerManager.m */,
				8DA139801E2EE8BE00E32D10 /* AIRGoogleMapPolygon.h */,
				8DA139811E2EE8BE00E32D10 /* AIRGoogleMapPolygon.m */,
				8DA139821E2EE8BE00E32D10 /* AIRGoogleMapPolygonManager.h */,
				8DA139831E2EE8BE00E32D10 /* AIRGoogleMapPolygonManager.m */,
				8DA139841E2EE8BE00E32D10 /* AIRGoogleMapPolyline.h */,
				8DA139851E2EE8BE00E32D10 /* AIRGoogleMapPolyline.m */,
				8DA139861E2EE8BE00E32D10 /* AIRGoogleMapPolylineManager.h */,
				8DA139871E2EE8BE00E32D10 /* AIRGoogleMapPolylineManager.m */,
				8DA139881E2EE8BE00E32D10 /* AIRGoogleMapUrlTile.h */,
				8DA139891E2EE8BE00E32D10 /* AIRGoogleMapUrlTile.m */,
				8DA1398A1E2EE8BE00E32D10 /* AIRGoogleMapUrlTileManager.h */,
				8DA1398B1E2EE8BE00E32D10 /* AIRGoogleMapURLTileManager.m */,
				8DA1398C1E2EE8BE00E32D10 /* DummyView.h */,
				8DA1398D1E2EE8BE00E32D10 /* DummyView.m */,
				8DA1398E1E2EE8BE00E32D10 /* RCTConvert+GMSMapViewType.h */,
				8DA1398F1E2EE8BE00E32D10 /* RCTConvert+GMSMapViewType.m */,
			);
			name = AirGoogleMaps;
			path = "../node_modules/react-native-maps/ios/AirGoogleMaps";
			sourceTree = "<group>";
		};
		8DA139901E2EE8BE00E32D10 /* AirMaps */ = {
			isa = PBXGroup;
			children = (
				8DA139911E2EE8BE00E32D10 /* AIRMap.h */,
				8DA139921E2EE8BE00E32D10 /* AIRMap.m */,
				8DA139931E2EE8BE00E32D10 /* AIRMapCallout.h */,
				8DA139941E2EE8BE00E32D10 /* AIRMapCallout.m */,
				8DA139951E2EE8BE00E32D10 /* AIRMapCalloutManager.h */,
				8DA139961E2EE8BE00E32D10 /* AIRMapCalloutManager.m */,
				8DA139971E2EE8BE00E32D10 /* AIRMapCircle.h */,
				8DA139981E2EE8BE00E32D10 /* AIRMapCircle.m */,
				8DA139991E2EE8BE00E32D10 /* AIRMapCircleManager.h */,
				8DA1399A1E2EE8BE00E32D10 /* AIRMapCircleManager.m */,
				8DA1399B1E2EE8BE00E32D10 /* AIRMapCoordinate.h */,
				8DA1399C1E2EE8BE00E32D10 /* AIRMapCoordinate.m */,
				8DA1399D1E2EE8BE00E32D10 /* AIRMapManager.h */,
				8DA1399E1E2EE8BE00E32D10 /* AIRMapManager.m */,
				8DA1399F1E2EE8BE00E32D10 /* AIRMapMarker.h */,
				8DA139A01E2EE8BE00E32D10 /* AIRMapMarker.m */,
				8DA139A11E2EE8BE00E32D10 /* AIRMapMarkerManager.h */,
				8DA139A21E2EE8BE00E32D10 /* AIRMapMarkerManager.m */,
				8DA139A31E2EE8BE00E32D10 /* AIRMapPolygon.h */,
				8DA139A41E2EE8BE00E32D10 /* AIRMapPolygon.m */,
				8DA139A51E2EE8BE00E32D10 /* AIRMapPolygonManager.h */,
				8DA139A61E2EE8BE00E32D10 /* AIRMapPolygonManager.m */,
				8DA139A71E2EE8BE00E32D10 /* AIRMapPolyline.h */,
				8DA139A81E2EE8BE00E32D10 /* AIRMapPolyline.m */,
				8DA139A91E2EE8BE00E32D10 /* AIRMapPolylineManager.h */,
				8DA139AA1E2EE8BE00E32D10 /* AIRMapPolylineManager.m */,
				8DA139AB1E2EE8BE00E32D10 /* AIRMapSnapshot.h */,
				8DA139AC1E2EE8BE00E32D10 /* AIRMapUrlTile.h */,
				8DA139AD1E2EE8BE00E32D10 /* AIRMapUrlTile.m */,
				8DA139AE1E2EE8BE00E32D10 /* AIRMapUrlTileManager.h */,
				8DA139AF1E2EE8BE00E32D10 /* AIRMapUrlTileManager.m */,
				8DA139B01E2EE8BE00E32D10 /* Callout */,
				8DA139B31E2EE8BE00E32D10 /* RCTConvert+MoreMapKit.h */,
				8DA139B41E2EE8BE00E32D10 /* RCTConvert+MoreMapKit.m */,
			);
			name = AirMaps;
			path = "../node_modules/react-native-maps/ios/AirMaps";
			sourceTree = "<group>";
		};
		8DA139B01E2EE8BE00E32D10 /* Callout */ = {
			isa = PBXGroup;
			children = (
				8DA139B11E2EE8BE00E32D10 /* SMCalloutView.h */,
				8DA139B21E2EE8BE00E32D10 /* SMCalloutView.m */,
			);
			path = Callout;
			sourceTree = "<group>";
		};
/* End PBXGroup section */

/* Begin PBXNativeTarget section */
		00E356ED1AD99517003FC87E /* MagnetJourneyTests */ = {
			isa = PBXNativeTarget;
			buildConfigurationList = 00E357021AD99517003FC87E /* Build configuration list for PBXNativeTarget "MagnetJourneyTests" */;
			buildPhases = (
				88C0A1A73A186121DC1D6604 /* [CP] Check Pods Manifest.lock */,
				00E356EA1AD99517003FC87E /* Sources */,
				00E356EB1AD99517003FC87E /* Frameworks */,
				00E356EC1AD99517003FC87E /* Resources */,
				EFC560F9CAE379CAB4D7895F /* [CP] Embed Pods Frameworks */,
				B169957844B6FF366068AE8F /* [CP] Copy Pods Resources */,
			);
			buildRules = (
			);
			dependencies = (
				00E356F51AD99517003FC87E /* PBXTargetDependency */,
			);
			name = MagnetJourneyTests;
			productName = MagnetJourneyTests;
			productReference = 00E356EE1AD99517003FC87E /* MagnetJourneyTests.xctest */;
			productType = "com.apple.product-type.bundle.unit-test";
		};
		13B07F861A680F5B00A75B9A /* MagnetJourney */ = {
			isa = PBXNativeTarget;
			buildConfigurationList = 13B07F931A680F5B00A75B9A /* Build configuration list for PBXNativeTarget "MagnetJourney" */;
			buildPhases = (
				629947DBE71E99D887BCC4AF /* [CP] Check Pods Manifest.lock */,
				13B07F871A680F5B00A75B9A /* Sources */,
				13B07F8C1A680F5B00A75B9A /* Frameworks */,
				13B07F8E1A680F5B00A75B9A /* Resources */,
				00DD1BFF1BD5951E006B06BC /* Bundle React Native code and images */,
				7493151DDE6D343BA5EC950A /* [CP] Embed Pods Frameworks */,
				FD35436AAE752FE1F7F6DCC2 /* [CP] Copy Pods Resources */,
			);
			buildRules = (
			);
			dependencies = (
			);
			name = MagnetJourney;
			productName = "Hello World";
			productReference = 13B07F961A680F5B00A75B9A /* MagnetJourney.app */;
			productType = "com.apple.product-type.application";
		};
/* End PBXNativeTarget section */

/* Begin PBXProject section */
		83CBB9F71A601CBA00E9B192 /* Project object */ = {
			isa = PBXProject;
			attributes = {
				LastUpgradeCheck = 610;
				ORGANIZATIONNAME = Facebook;
				TargetAttributes = {
					00E356ED1AD99517003FC87E = {
						CreatedOnToolsVersion = 6.2;
						DevelopmentTeam = 43AQ936H96;
						TestTargetID = 13B07F861A680F5B00A75B9A;
					};
					13B07F861A680F5B00A75B9A = {
						DevelopmentTeam = 43AQ936H96;
					};
				};
			};
			buildConfigurationList = 83CBB9FA1A601CBA00E9B192 /* Build configuration list for PBXProject "MagnetJourney" */;
			compatibilityVersion = "Xcode 3.2";
			developmentRegion = English;
			hasScannedForEncodings = 0;
			knownRegions = (
				en,
				Base,
			);
			mainGroup = 83CBB9F61A601CBA00E9B192;
			productRefGroup = 83CBBA001A601CBA00E9B192 /* Products */;
			projectDirPath = "";
			projectReferences = (
				{
					ProductGroup = 553AEBB81E31F48A00C2AFC2 /* Products */;
					ProjectRef = 08624E4D9E524F7D885A4EAE /* ReactNativeHeading.xcodeproj */;
				},
				{
					ProductGroup = 55283ED01E39018700A490A7 /* Products */;
					ProjectRef = B9B1E499BC8242BA82EABB75 /* RealmReact.xcodeproj */;
				},
				{
					ProductGroup = 551FB68F1E37C5C900775F93 /* Products */;
					ProjectRef = BC9CD6964B32434F859E5209 /* RNShare.xcodeproj */;
				},
			);
			projectRoot = "";
			targets = (
				13B07F861A680F5B00A75B9A /* MagnetJourney */,
				00E356ED1AD99517003FC87E /* MagnetJourneyTests */,
			);
		};
/* End PBXProject section */

/* Begin PBXReferenceProxy section */
		551FB6941E37C5CA00775F93 /* libRNShare.a */ = {
			isa = PBXReferenceProxy;
			fileType = archive.ar;
			path = libRNShare.a;
			remoteRef = 551FB6931E37C5CA00775F93 /* PBXContainerItemProxy */;
			sourceTree = BUILT_PRODUCTS_DIR;
		};
		55283ED51E39018700A490A7 /* libRealmReact.a */ = {
			isa = PBXReferenceProxy;
			fileType = archive.ar;
			path = libRealmReact.a;
			remoteRef = 55283ED41E39018700A490A7 /* PBXContainerItemProxy */;
			sourceTree = BUILT_PRODUCTS_DIR;
		};
		553AEBBC1E31F48A00C2AFC2 /* libReactNativeHeading.a */ = {
			isa = PBXReferenceProxy;
			fileType = archive.ar;
			path = libReactNativeHeading.a;
			remoteRef = 553AEBBB1E31F48A00C2AFC2 /* PBXContainerItemProxy */;
			sourceTree = BUILT_PRODUCTS_DIR;
		};
/* End PBXReferenceProxy section */

/* Begin PBXResourcesBuildPhase section */
		00E356EC1AD99517003FC87E /* Resources */ = {
			isa = PBXResourcesBuildPhase;
			buildActionMask = 2147483647;
			files = (
			);
			runOnlyForDeploymentPostprocessing = 0;
		};
		13B07F8E1A680F5B00A75B9A /* Resources */ = {
			isa = PBXResourcesBuildPhase;
			buildActionMask = 2147483647;
			files = (
				13B07FBF1A68108700A75B9A /* Images.xcassets in Resources */,
				13B07FBD1A68108700A75B9A /* LaunchScreen.xib in Resources */,
				4171ADEE82944774BC4A228B /* FiraSans-Book.ttf in Resources */,
				607DD96F3FEB4B86AC5BD465 /* FiraSans-LightItalic.ttf in Resources */,
			);
			runOnlyForDeploymentPostprocessing = 0;
		};
/* End PBXResourcesBuildPhase section */

/* Begin PBXShellScriptBuildPhase section */
		00DD1BFF1BD5951E006B06BC /* Bundle React Native code and images */ = {
			isa = PBXShellScriptBuildPhase;
			buildActionMask = 2147483647;
			files = (
			);
			inputPaths = (
			);
			name = "Bundle React Native code and images";
			outputPaths = (
			);
			runOnlyForDeploymentPostprocessing = 0;
			shellPath = /bin/sh;
			shellScript = "export NODE_BINARY=node\n../node_modules/react-native/packager/react-native-xcode.sh";
		};
		629947DBE71E99D887BCC4AF /* [CP] Check Pods Manifest.lock */ = {
			isa = PBXShellScriptBuildPhase;
			buildActionMask = 2147483647;
			files = (
			);
			inputPaths = (
			);
			name = "[CP] Check Pods Manifest.lock";
			outputPaths = (
			);
			runOnlyForDeploymentPostprocessing = 0;
			shellPath = /bin/sh;
			shellScript = "diff \"${PODS_ROOT}/../Podfile.lock\" \"${PODS_ROOT}/Manifest.lock\" > /dev/null\nif [ $? != 0 ] ; then\n    # print error to STDERR\n    echo \"error: The sandbox is not in sync with the Podfile.lock. Run 'pod install' or update your CocoaPods installation.\" >&2\n    exit 1\nfi\n";
			showEnvVarsInLog = 0;
		};
		7493151DDE6D343BA5EC950A /* [CP] Embed Pods Frameworks */ = {
			isa = PBXShellScriptBuildPhase;
			buildActionMask = 2147483647;
			files = (
			);
			inputPaths = (
			);
			name = "[CP] Embed Pods Frameworks";
			outputPaths = (
			);
			runOnlyForDeploymentPostprocessing = 0;
			shellPath = /bin/sh;
			shellScript = "\"${SRCROOT}/Pods/Target Support Files/Pods-MagnetJourney/Pods-MagnetJourney-frameworks.sh\"\n";
			showEnvVarsInLog = 0;
		};
		88C0A1A73A186121DC1D6604 /* [CP] Check Pods Manifest.lock */ = {
			isa = PBXShellScriptBuildPhase;
			buildActionMask = 2147483647;
			files = (
			);
			inputPaths = (
			);
			name = "[CP] Check Pods Manifest.lock";
			outputPaths = (
			);
			runOnlyForDeploymentPostprocessing = 0;
			shellPath = /bin/sh;
			shellScript = "diff \"${PODS_ROOT}/../Podfile.lock\" \"${PODS_ROOT}/Manifest.lock\" > /dev/null\nif [ $? != 0 ] ; then\n    # print error to STDERR\n    echo \"error: The sandbox is not in sync with the Podfile.lock. Run 'pod install' or update your CocoaPods installation.\" >&2\n    exit 1\nfi\n";
			showEnvVarsInLog = 0;
		};
		B169957844B6FF366068AE8F /* [CP] Copy Pods Resources */ = {
			isa = PBXShellScriptBuildPhase;
			buildActionMask = 2147483647;
			files = (
			);
			inputPaths = (
			);
			name = "[CP] Copy Pods Resources";
			outputPaths = (
			);
			runOnlyForDeploymentPostprocessing = 0;
			shellPath = /bin/sh;
			shellScript = "\"${SRCROOT}/Pods/Target Support Files/Pods-MagnetJourneyTests/Pods-MagnetJourneyTests-resources.sh\"\n";
			showEnvVarsInLog = 0;
		};
		EFC560F9CAE379CAB4D7895F /* [CP] Embed Pods Frameworks */ = {
			isa = PBXShellScriptBuildPhase;
			buildActionMask = 2147483647;
			files = (
			);
			inputPaths = (
			);
			name = "[CP] Embed Pods Frameworks";
			outputPaths = (
			);
			runOnlyForDeploymentPostprocessing = 0;
			shellPath = /bin/sh;
			shellScript = "\"${SRCROOT}/Pods/Target Support Files/Pods-MagnetJourneyTests/Pods-MagnetJourneyTests-frameworks.sh\"\n";
			showEnvVarsInLog = 0;
		};
		FD35436AAE752FE1F7F6DCC2 /* [CP] Copy Pods Resources */ = {
			isa = PBXShellScriptBuildPhase;
			buildActionMask = 2147483647;
			files = (
			);
			inputPaths = (
			);
			name = "[CP] Copy Pods Resources";
			outputPaths = (
			);
			runOnlyForDeploymentPostprocessing = 0;
			shellPath = /bin/sh;
			shellScript = "\"${SRCROOT}/Pods/Target Support Files/Pods-MagnetJourney/Pods-MagnetJourney-resources.sh\"\n";
			showEnvVarsInLog = 0;
		};
/* End PBXShellScriptBuildPhase section */

/* Begin PBXSourcesBuildPhase section */
		00E356EA1AD99517003FC87E /* Sources */ = {
			isa = PBXSourcesBuildPhase;
			buildActionMask = 2147483647;
			files = (
				00E356F31AD99517003FC87E /* MagnetJourneyTests.m in Sources */,
			);
			runOnlyForDeploymentPostprocessing = 0;
		};
		13B07F871A680F5B00A75B9A /* Sources */ = {
			isa = PBXSourcesBuildPhase;
			buildActionMask = 2147483647;
			files = (
				8DA139D51E2EE8BE00E32D10 /* SMCalloutView.m in Sources */,
				8DA139B61E2EE8BE00E32D10 /* AIRGoogleMap.m in Sources */,
				8DA139B91E2EE8BE00E32D10 /* AIRGoogleMapCircle.m in Sources */,
				8DA139C31E2EE8BE00E32D10 /* AIRGoogleMapURLTileManager.m in Sources */,
				8DA139BA1E2EE8BE00E32D10 /* AIRGoogleMapCircleManager.m in Sources */,
				8DA139CF1E2EE8BE00E32D10 /* AIRMapPolygon.m in Sources */,
				8DA139D11E2EE8BE00E32D10 /* AIRMapPolyline.m in Sources */,
				13B07FBC1A68108700A75B9A /* AppDelegate.m in Sources */,
				8DA139D41E2EE8BE00E32D10 /* AIRMapUrlTileManager.m in Sources */,
				8DA139C51E2EE8BE00E32D10 /* RCTConvert+GMSMapViewType.m in Sources */,
				8DA139BC1E2EE8BE00E32D10 /* AIRGoogleMapMarker.m in Sources */,
				13B07FC11A68108700A75B9A /* main.m in Sources */,
				8DA139C01E2EE8BE00E32D10 /* AIRGoogleMapPolyline.m in Sources */,
				8DA139C61E2EE8BE00E32D10 /* AIRMap.m in Sources */,
				8DA139B81E2EE8BE00E32D10 /* AIRGoogleMapCalloutManager.m in Sources */,
				8DA139C91E2EE8BE00E32D10 /* AIRMapCircle.m in Sources */,
				8DA139C71E2EE8BE00E32D10 /* AIRMapCallout.m in Sources */,
				8DA139C21E2EE8BE00E32D10 /* AIRGoogleMapUrlTile.m in Sources */,
				8DA139BE1E2EE8BE00E32D10 /* AIRGoogleMapPolygon.m in Sources */,
				8DA139D01E2EE8BE00E32D10 /* AIRMapPolygonManager.m in Sources */,
				8DA139D61E2EE8BE00E32D10 /* RCTConvert+MoreMapKit.m in Sources */,
				8DA139B71E2EE8BE00E32D10 /* AIRGoogleMapCallout.m in Sources */,
				8DA139D21E2EE8BE00E32D10 /* AIRMapPolylineManager.m in Sources */,
				8DA139D31E2EE8BE00E32D10 /* AIRMapUrlTile.m in Sources */,
				8DA139B51E2EE8BE00E32D10 /* AIRGMSMarker.m in Sources */,
				8DA139CD1E2EE8BE00E32D10 /* AIRMapMarker.m in Sources */,
				8DA139C41E2EE8BE00E32D10 /* DummyView.m in Sources */,
				8DA139BB1E2EE8BE00E32D10 /* AIRGoogleMapManager.m in Sources */,
				8DA139C81E2EE8BE00E32D10 /* AIRMapCalloutManager.m in Sources */,
				8DA139CB1E2EE8BE00E32D10 /* AIRMapCoordinate.m in Sources */,
				8DA139CC1E2EE8BE00E32D10 /* AIRMapManager.m in Sources */,
				8DA139CE1E2EE8BE00E32D10 /* AIRMapMarkerManager.m in Sources */,
				8DA139BD1E2EE8BE00E32D10 /* AIRGoogleMapMarkerManager.m in Sources */,
				8DA139BF1E2EE8BE00E32D10 /* AIRGoogleMapPolygonManager.m in Sources */,
				8DA139C11E2EE8BE00E32D10 /* AIRGoogleMapPolylineManager.m in Sources */,
				8DA139CA1E2EE8BE00E32D10 /* AIRMapCircleManager.m in Sources */,
			);
			runOnlyForDeploymentPostprocessing = 0;
		};
/* End PBXSourcesBuildPhase section */

/* Begin PBXTargetDependency section */
		00E356F51AD99517003FC87E /* PBXTargetDependency */ = {
			isa = PBXTargetDependency;
			target = 13B07F861A680F5B00A75B9A /* MagnetJourney */;
			targetProxy = 00E356F41AD99517003FC87E /* PBXContainerItemProxy */;
		};
/* End PBXTargetDependency section */

/* Begin PBXVariantGroup section */
		13B07FB11A68108700A75B9A /* LaunchScreen.xib */ = {
			isa = PBXVariantGroup;
			children = (
				13B07FB21A68108700A75B9A /* Base */,
			);
			name = LaunchScreen.xib;
			path = MagnetJourney;
			sourceTree = "<group>";
		};
/* End PBXVariantGroup section */

/* Begin XCBuildConfiguration section */
		00E356F61AD99517003FC87E /* Debug */ = {
			isa = XCBuildConfiguration;
			baseConfigurationReference = 7865610A5D44127C15ED68BB /* Pods-MagnetJourneyTests.debug.xcconfig */;
			buildSettings = {
				BUNDLE_LOADER = "$(TEST_HOST)";
				DEVELOPMENT_TEAM = 43AQ936H96;
				GCC_PREPROCESSOR_DEFINITIONS = (
					"DEBUG=1",
					"$(inherited)",
				);
				INFOPLIST_FILE = MagnetJourneyTests/Info.plist;
				IPHONEOS_DEPLOYMENT_TARGET = 8.0;
				LD_RUNPATH_SEARCH_PATHS = "$(inherited) @executable_path/Frameworks @loader_path/Frameworks";
				LIBRARY_SEARCH_PATHS = (
					"$(inherited)",
					"\"$(SRCROOT)/$(TARGET_NAME)\"",
					"\"$(SRCROOT)/$(TARGET_NAME)\"",
					"\"$(SRCROOT)/$(TARGET_NAME)\"",
				);
				PRODUCT_NAME = "$(TARGET_NAME)";
				TEST_HOST = "$(BUILT_PRODUCTS_DIR)/MagnetJourney.app/MagnetJourney";
			};
			name = Debug;
		};
		00E356F71AD99517003FC87E /* Release */ = {
			isa = XCBuildConfiguration;
			baseConfigurationReference = 73B2FAA79832672659A874E4 /* Pods-MagnetJourneyTests.release.xcconfig */;
			buildSettings = {
				BUNDLE_LOADER = "$(TEST_HOST)";
				COPY_PHASE_STRIP = NO;
				DEVELOPMENT_TEAM = 43AQ936H96;
				INFOPLIST_FILE = MagnetJourneyTests/Info.plist;
				IPHONEOS_DEPLOYMENT_TARGET = 8.0;
				LD_RUNPATH_SEARCH_PATHS = "$(inherited) @executable_path/Frameworks @loader_path/Frameworks";
				LIBRARY_SEARCH_PATHS = (
					"$(inherited)",
					"\"$(SRCROOT)/$(TARGET_NAME)\"",
					"\"$(SRCROOT)/$(TARGET_NAME)\"",
					"\"$(SRCROOT)/$(TARGET_NAME)\"",
				);
				PRODUCT_NAME = "$(TARGET_NAME)";
				TEST_HOST = "$(BUILT_PRODUCTS_DIR)/MagnetJourney.app/MagnetJourney";
			};
			name = Release;
		};
		13B07F941A680F5B00A75B9A /* Debug */ = {
			isa = XCBuildConfiguration;
			baseConfigurationReference = 02C9C5A5BDA0F4AF55883F59 /* Pods-MagnetJourney.debug.xcconfig */;
			buildSettings = {
				ASSETCATALOG_COMPILER_APPICON_NAME = AppIcon;
				CURRENT_PROJECT_VERSION = 1;
				DEAD_CODE_STRIPPING = NO;
				DEVELOPMENT_TEAM = 43AQ936H96;
				GCC_NO_COMMON_BLOCKS = NO;
				HEADER_SEARCH_PATHS = "${SRCROOT}/../node_modules/react-native/Libraries/LinkingIOS";
				INFOPLIST_FILE = MagnetJourney/Info.plist;
				LD_RUNPATH_SEARCH_PATHS = "$(inherited) @executable_path/Frameworks";
				LIBRARY_SEARCH_PATHS = (
					"$(inherited)",
					"$(PROJECT_DIR)",
				);
				OTHER_LDFLAGS = "$(inherited)";
				PRODUCT_BUNDLE_IDENTIFIER = org.mozilla.cd.magnet.journey;
				PRODUCT_NAME = MagnetJourney;
				VERSIONING_SYSTEM = "apple-generic";
			};
			name = Debug;
		};
		13B07F951A680F5B00A75B9A /* Release */ = {
			isa = XCBuildConfiguration;
			baseConfigurationReference = 314F1A56902FAACF1656397C /* Pods-MagnetJourney.release.xcconfig */;
			buildSettings = {
				ASSETCATALOG_COMPILER_APPICON_NAME = AppIcon;
				CURRENT_PROJECT_VERSION = 1;
				DEVELOPMENT_TEAM = 43AQ936H96;
				GCC_NO_COMMON_BLOCKS = NO;
				HEADER_SEARCH_PATHS = "${SRCROOT}/../node_modules/react-native/Libraries/LinkingIOS";
				INFOPLIST_FILE = MagnetJourney/Info.plist;
				LD_RUNPATH_SEARCH_PATHS = "$(inherited) @executable_path/Frameworks";
				LIBRARY_SEARCH_PATHS = (
					"$(inherited)",
					"$(PROJECT_DIR)",
				);
				OTHER_LDFLAGS = "$(inherited)";
				PRODUCT_BUNDLE_IDENTIFIER = org.mozilla.cd.magnet.journey;
				PRODUCT_NAME = MagnetJourney;
				VERSIONING_SYSTEM = "apple-generic";
			};
			name = Release;
		};
		83CBBA201A601CBA00E9B192 /* Debug */ = {
			isa = XCBuildConfiguration;
			buildSettings = {
				ALWAYS_SEARCH_USER_PATHS = NO;
				CLANG_CXX_LANGUAGE_STANDARD = "gnu++0x";
				CLANG_CXX_LIBRARY = "libc++";
				CLANG_ENABLE_MODULES = YES;
				CLANG_ENABLE_OBJC_ARC = YES;
				CLANG_WARN_BOOL_CONVERSION = YES;
				CLANG_WARN_CONSTANT_CONVERSION = YES;
				CLANG_WARN_DIRECT_OBJC_ISA_USAGE = YES_ERROR;
				CLANG_WARN_EMPTY_BODY = YES;
				CLANG_WARN_ENUM_CONVERSION = YES;
				CLANG_WARN_INT_CONVERSION = YES;
				CLANG_WARN_OBJC_ROOT_CLASS = YES_ERROR;
				CLANG_WARN_UNREACHABLE_CODE = YES;
				CLANG_WARN__DUPLICATE_METHOD_MATCH = YES;
				"CODE_SIGN_IDENTITY[sdk=iphoneos*]" = "iPhone Developer";
				COPY_PHASE_STRIP = NO;
				ENABLE_STRICT_OBJC_MSGSEND = YES;
				GCC_C_LANGUAGE_STANDARD = gnu99;
				GCC_DYNAMIC_NO_PIC = NO;
				GCC_OPTIMIZATION_LEVEL = 0;
				GCC_PREPROCESSOR_DEFINITIONS = (
					"DEBUG=1",
					"$(inherited)",
				);
				GCC_SYMBOLS_PRIVATE_EXTERN = NO;
				GCC_WARN_64_TO_32_BIT_CONVERSION = YES;
				GCC_WARN_ABOUT_RETURN_TYPE = YES_ERROR;
				GCC_WARN_UNDECLARED_SELECTOR = YES;
				GCC_WARN_UNINITIALIZED_AUTOS = YES_AGGRESSIVE;
				GCC_WARN_UNUSED_FUNCTION = YES;
				GCC_WARN_UNUSED_VARIABLE = YES;
				IPHONEOS_DEPLOYMENT_TARGET = 8.0;
				MTL_ENABLE_DEBUG_INFO = YES;
				ONLY_ACTIVE_ARCH = YES;
				SDKROOT = iphoneos;
			};
			name = Debug;
		};
		83CBBA211A601CBA00E9B192 /* Release */ = {
			isa = XCBuildConfiguration;
			buildSettings = {
				ALWAYS_SEARCH_USER_PATHS = NO;
				CLANG_CXX_LANGUAGE_STANDARD = "gnu++0x";
				CLANG_CXX_LIBRARY = "libc++";
				CLANG_ENABLE_MODULES = YES;
				CLANG_ENABLE_OBJC_ARC = YES;
				CLANG_WARN_BOOL_CONVERSION = YES;
				CLANG_WARN_CONSTANT_CONVERSION = YES;
				CLANG_WARN_DIRECT_OBJC_ISA_USAGE = YES_ERROR;
				CLANG_WARN_EMPTY_BODY = YES;
				CLANG_WARN_ENUM_CONVERSION = YES;
				CLANG_WARN_INT_CONVERSION = YES;
				CLANG_WARN_OBJC_ROOT_CLASS = YES_ERROR;
				CLANG_WARN_UNREACHABLE_CODE = YES;
				CLANG_WARN__DUPLICATE_METHOD_MATCH = YES;
				"CODE_SIGN_IDENTITY[sdk=iphoneos*]" = "iPhone Developer";
				COPY_PHASE_STRIP = YES;
				ENABLE_NS_ASSERTIONS = NO;
				ENABLE_STRICT_OBJC_MSGSEND = YES;
				GCC_C_LANGUAGE_STANDARD = gnu99;
				GCC_WARN_64_TO_32_BIT_CONVERSION = YES;
				GCC_WARN_ABOUT_RETURN_TYPE = YES_ERROR;
				GCC_WARN_UNDECLARED_SELECTOR = YES;
				GCC_WARN_UNINITIALIZED_AUTOS = YES_AGGRESSIVE;
				GCC_WARN_UNUSED_FUNCTION = YES;
				GCC_WARN_UNUSED_VARIABLE = YES;
				IPHONEOS_DEPLOYMENT_TARGET = 8.0;
				MTL_ENABLE_DEBUG_INFO = NO;
				SDKROOT = iphoneos;
				VALIDATE_PRODUCT = YES;
			};
			name = Release;
		};
/* End XCBuildConfiguration section */

/* Begin XCConfigurationList section */
		00E357021AD99517003FC87E /* Build configuration list for PBXNativeTarget "MagnetJourneyTests" */ = {
			isa = XCConfigurationList;
			buildConfigurations = (
				00E356F61AD99517003FC87E /* Debug */,
				00E356F71AD99517003FC87E /* Release */,
			);
			defaultConfigurationIsVisible = 0;
			defaultConfigurationName = Release;
		};
		13B07F931A680F5B00A75B9A /* Build configuration list for PBXNativeTarget "MagnetJourney" */ = {
			isa = XCConfigurationList;
			buildConfigurations = (
				13B07F941A680F5B00A75B9A /* Debug */,
				13B07F951A680F5B00A75B9A /* Release */,
			);
			defaultConfigurationIsVisible = 0;
			defaultConfigurationName = Release;
		};
		83CBB9FA1A601CBA00E9B192 /* Build configuration list for PBXProject "MagnetJourney" */ = {
			isa = XCConfigurationList;
			buildConfigurations = (
				83CBBA201A601CBA00E9B192 /* Debug */,
				83CBBA211A601CBA00E9B192 /* Release */,
			);
			defaultConfigurationIsVisible = 0;
			defaultConfigurationName = Release;
		};
/* End XCConfigurationList section */
	};
	rootObject = 83CBB9F71A601CBA00E9B192 /* Project object */;
}
